
Microsoft Visual Studio Solution File, Format Version 12.00
# Visual Studio Version 16
VisualStudioVersion = 16.0.30104.148
MinimumVisualStudioVersion = 10.0.40219.1
Project("{FAE04EC0-301F-11D3-BF4B-00C04F79EFBC}") = "CaesarCipher", "CaesarCipher\CaesarCipher.csproj", "{C5498487-8381-443A-8F80-9416EFF6BF5F}"
EndProject
Global
	GlobalSection(SolutionConfigurationPlatforms) = preSolution
		Debug|Any CPU = Debug|Any CPU
		Release|Any CPU = Release|Any CPU
	EndGlobalSection
	GlobalSection(ProjectConfigurationPlatforms) = postSolution
		{C5498487-8381-443A-8F80-9416EFF6BF5F}.Debug|Any CPU.ActiveCfg = Debug|Any CPU
		{C5498487-8381-443A-8F80-9416EFF6BF5F}.Debug|Any CPU.Build.0 = Debug|Any CPU
		{C5498487-8381-443A-8F80-9416EFF6BF5F}.Release|Any CPU.ActiveCfg = Release|Any CPU
		{C5498487-8381-443A-8F80-9416EFF6BF5F}.Release|Any CPU.Build.0 = Release|Any CPU
	EndGlobalSection
	GlobalSection(SolutionProperties) = preSolution
		HideSolutionNode = FALSE
	EndGlobalSection
	GlobalSection(ExtensibilityGlobals) = postSolution
		SolutionGuid = {F7D68F5E-ABD2-4DE1-B21B-74A26BDD638F}
	EndGlobalSection
EndGlobal
